
Microsoft Visual Studio Solution File, Format Version 12.00
# Visual Studio Version 16
VisualStudioVersion = 16.0.29215.179
MinimumVisualStudioVersion = 10.0.40219.1
Project("{9A19103F-16F7-4668-BE54-9A1E7A4F7556}") = "DnSrtChecker", "DnSrtChecker.csproj", "{A6F3C736-2D4B-433B-B548-A4868D78232A}"
EndProject
Project("{2150E333-8FDC-42A3-9474-1A3956D46DE8}") = "Solution Items", "Solution Items", "{86955F3F-A1B5-428F-A7DB-0512042B71B5}"
	ProjectSection(SolutionItems) = preProject
		NoteEerrori.txt = NoteEerrori.txt
	EndProjectSection
EndProject
Global
	GlobalSection(SolutionConfigurationPlatforms) = preSolution
		Debug|Any CPU = Debug|Any CPU
		Release|Any CPU = Release|Any CPU
	EndGlobalSection
	GlobalSection(ProjectConfigurationPlatforms) = postSolution
		{A6F3C736-2D4B-433B-B548-A4868D78232A}.Debug|Any CPU.ActiveCfg = Debug|Any CPU
		{A6F3C736-2D4B-433B-B548-A4868D78232A}.Debug|Any CPU.Build.0 = Debug|Any CPU
		{A6F3C736-2D4B-433B-B548-A4868D78232A}.Release|Any CPU.ActiveCfg = Release|Any CPU
		{A6F3C736-2D4B-433B-B548-A4868D78232A}.Release|Any CPU.Build.0 = Release|Any CPU
	EndGlobalSection
	GlobalSection(SolutionProperties) = preSolution
		HideSolutionNode = FALSE
	EndGlobalSection
	GlobalSection(ExtensibilityGlobals) = postSolution
		SolutionGuid = {ABDA9963-927E-4281-BBCA-3CE57AF788D1}
	EndGlobalSection
EndGlobal
